// !$*UTF8*$!
{
	archiveVersion = 1;
	classes = {
	};
	objectVersion = 46;
	objects = {

/* Begin PBXBuildFile section */
		129E4CE01B5430810019D14D /* main.m in Sources */ = {isa = PBXBuildFile; fileRef = 129E4CDF1B5430810019D14D /* main.m */; };
		129E4CE31B5430810019D14D /* AppDelegate.m in Sources */ = {isa = PBXBuildFile; fileRef = 129E4CE21B5430810019D14D /* AppDelegate.m */; };
		129E4CE61B5430810019D14D /* UIPickviewerTest.xcdatamodeld in Sources */ = {isa = PBXBuildFile; fileRef = 129E4CE41B5430810019D14D /* UIPickviewerTest.xcdatamodeld */; };
		129E4CE91B5430810019D14D /* ViewController.m in Sources */ = {isa = PBXBuildFile; fileRef = 129E4CE81B5430810019D14D /* ViewController.m */; };
		129E4CEC1B5430810019D14D /* Main.storyboard in Resources */ = {isa = PBXBuildFile; fileRef = 129E4CEA1B5430810019D14D /* Main.storyboard */; };
		129E4CEE1B5430810019D14D /* Images.xcassets in Resources */ = {isa = PBXBuildFile; fileRef = 129E4CED1B5430810019D14D /* Images.xcassets */; };
		129E4CF11B5430810019D14D /* LaunchScreen.xib in Resources */ = {isa = PBXBuildFile; fileRef = 129E4CEF1B5430810019D14D /* LaunchScreen.xib */; };
		129E4CFD1B5430810019D14D /* UIPickviewerTestTests.m in Sources */ = {isa = PBXBuildFile; fileRef = 129E4CFC1B5430810019D14D /* UIPickviewerTestTests.m */; };
/* End PBXBuildFile section */

/* Begin PBXContainerItemProxy section */
		129E4CF71B5430810019D14D /* PBXContainerItemProxy */ = {
			isa = PBXContainerItemProxy;
			containerPortal = 129E4CD21B5430810019D14D /* Project object */;
			proxyType = 1;
			remoteGlobalIDString = 129E4CD91B5430810019D14D;
			remoteInfo = UIPickviewerTest;
		};
/* End PBXContainerItemProxy section */

/* Begin PBXFileReference section */
		129E4CDA1B5430810019D14D /* UIPickviewerTest.app */ = {isa = PBXFileReference; explicitFileType = wrapper.application; includeInIndex = 0; path = UIPickviewerTest.app; sourceTree = BUILT_PRODUCTS_DIR; };
		129E4CDE1B5430810019D14D /* Info.plist */ = {isa = PBXFileReference; lastKnownFileType = text.plist.xml; path = Info.plist; sourceTree = "<group>"; };
		129E4CDF1B5430810019D14D /* main.m */ = {isa = PBXFileReference; lastKnownFileType = sourcecode.c.objc; path = main.m; sourceTree = "<group>"; };
		129E4CE11B5430810019D14D /* AppDelegate.h */ = {isa = PBXFileReference; lastKnownFileType = sourcecode.c.h; path = AppDelegate.h; sourceTree = "<group>"; };
		129E4CE21B5430810019D14D /* AppDelegate.m */ = {isa = PBXFileReference; lastKnownFileType = sourcecode.c.objc; path = AppDelegate.m; sourceTree = "<group>"; };
		129E4CE51B5430810019D14D /* UIPickviewerTest.xcdatamodel */ = {isa = PBXFileReference; lastKnownFileType = wrapper.xcdatamodel; path = UIPickviewerTest.xcdatamodel; sourceTree = "<group>"; };
		129E4CE71B5430810019D14D /* ViewController.h */ = {isa = PBXFileReference; lastKnownFileType = sourcecode.c.h; path = ViewController.h; sourceTree = "<group>"; };
		129E4CE81B5430810019D14D /* ViewController.m */ = {isa = PBXFileReference; lastKnownFileType = sourcecode.c.objc; path = ViewController.m; sourceTree = "<group>"; };
		129E4CEB1B5430810019D14D /* Base */ = {isa = PBXFileReference; lastKnownFileType = file.storyboard; name = Base; path = Base.lproj/Main.storyboard; sourceTree = "<group>"; };
		129E4CED1B5430810019D14D /* Images.xcassets */ = {isa = PBXFileReference; lastKnownFileType = folder.assetcatalog; path = Images.xcassets; sourceTree = "<group>"; };
		129E4CF01B5430810019D14D /* Base */ = {isa = PBXFileReference; lastKnownFileType = file.xib; name = Base; path = Base.lproj/LaunchScreen.xib; sourceTree = "<group>"; };
		129E4CF61B5430810019D14D /* UIPickviewerTestTests.xctest */ = {isa = PBXFileReference; explicitFileType = wrapper.cfbundle; includeInIndex = 0; path = UIPickviewerTestTests.xctest; sourceTree = BUILT_PRODUCTS_DIR; };
		129E4CFB1B5430810019D14D /* Info.plist */ = {isa = PBXFileReference; lastKnownFileType = text.plist.xml; path = Info.plist; sourceTree = "<group>"; };
		129E4CFC1B5430810019D14D /* UIPickviewerTestTests.m */ = {isa = PBXFileReference; lastKnownFileType = sourcecode.c.objc; path = UIPickviewerTestTests.m; sourceTree = "<group>"; };
/* End PBXFileReference section */

/* Begin PBXFrameworksBuildPhase section */
		129E4CD71B5430810019D14D /* Frameworks */ = {
			isa = PBXFrameworksBuildPhase;
			buildActionMask = 2147483647;
			files = (
			);
			runOnlyForDeploymentPostprocessing = 0;
		};
		129E4CF31B5430810019D14D /* Frameworks */ = {
			isa = PBXFrameworksBuildPhase;
			buildActionMask = 2147483647;
			files = (
			);
			runOnlyForDeploymentPostprocessing = 0;
		};
/* End PBXFrameworksBuildPhase section */

/* Begin PBXGroup section */
		129E4CD11B5430810019D14D = {
			isa = PBXGroup;
			children = (
				129E4CDC1B5430810019D14D /* UIPickviewerTest */,
				129E4CF91B5430810019D14D /* UIPickviewerTestTests */,
				129E4CDB1B5430810019D14D /* Products */,
			);
			sourceTree = "<group>";
		};
		129E4CDB1B5430810019D14D /* Products */ = {
			isa = PBXGroup;
			children = (
				129E4CDA1B5430810019D14D /* UIPickviewerTest.app */,
				129E4CF61B5430810019D14D /* UIPickviewerTestTests.xctest */,
			);
			name = Products;
			sourceTree = "<group>";
		};
		129E4CDC1B5430810019D14D /* UIPickviewerTest */ = {
			isa = PBXGroup;
			children = (
				129E4CE11B5430810019D14D /* AppDelegate.h */,
				129E4CE21B5430810019D14D /* AppDelegate.m */,
				129E4CE71B5430810019D14D /* ViewController.h */,
				129E4CE81B5430810019D14D /* ViewController.m */,
				129E4CEA1B5430810019D14D /* Main.storyboard */,
				129E4CED1B5430810019D14D /* Images.xcassets */,
				129E4CEF1B5430810019D14D /* LaunchScreen.xib */,
				129E4CE41B5430810019D14D /* UIPickviewerTest.xcdatamodeld */,
				129E4CDD1B5430810019D14D /* Supporting Files */,
			);
			path = UIPickviewerTest;
			sourceTree = "<group>";
		};
		129E4CDD1B5430810019D14D /* Supporting Files */ = {
			isa = PBXGroup;
			children = (
				129E4CDE1B5430810019D14D /* Info.plist */,
				129E4CDF1B5430810019D14D /* main.m */,
			);
			name = "Supporting Files";
			sourceTree = "<group>";
		};
		129E4CF91B5430810019D14D /* UIPickviewerTestTests */ = {
			isa = PBXGroup;
			children = (
				129E4CFC1B5430810019D14D /* UIPickviewerTestTests.m */,
				129E4CFA1B5430810019D14D /* Supporting Files */,
			);
			path = UIPickviewerTestTests;
			sourceTree = "<group>";
		};
		129E4CFA1B5430810019D14D /* Supporting Files */ = {
			isa = PBXGroup;
			children = (
				129E4CFB1B5430810019D14D /* Info.plist */,
			);
			name = "Supporting Files";
			sourceTree = "<group>";
		};
/* End PBXGroup section */

/* Begin PBXNativeTarget section */
		129E4CD91B5430810019D14D /* UIPickviewerTest */ = {
			isa = PBXNativeTarget;
			buildConfigurationList = 129E4D001B5430810019D14D /* Build configuration list for PBXNativeTarget "UIPickviewerTest" */;
			buildPhases = (
				129E4CD61B5430810019D14D /* Sources */,
				129E4CD71B5430810019D14D /* Frameworks */,
				129E4CD81B5430810019D14D /* Resources */,
			);
			buildRules = (
			);
			dependencies = (
			);
			name = UIPickviewerTest;
			productName = UIPickviewerTest;
			productReference = 129E4CDA1B5430810019D14D /* UIPickviewerTest.app */;
			productType = "com.apple.product-type.application";
		};
		129E4CF51B5430810019D14D /* UIPickviewerTestTests */ = {
			isa = PBXNativeTarget;
			buildConfigurationList = 129E4D031B5430810019D14D /* Build configuration list for PBXNativeTarget "UIPickviewerTestTests" */;
			buildPhases = (
				129E4CF21B5430810019D14D /* Sources */,
				129E4CF31B5430810019D14D /* Frameworks */,
				129E4CF41B5430810019D14D /* Resources */,
			);
			buildRules = (
			);
			dependencies = (
				129E4CF81B5430810019D14D /* PBXTargetDependency */,
			);
			name = UIPickviewerTestTests;
			productName = UIPickviewerTestTests;
			productReference = 129E4CF61B5430810019D14D /* UIPickviewerTestTests.xctest */;
			productType = "com.apple.product-type.bundle.unit-test";
		};
/* End PBXNativeTarget section */

/* Begin PBXProject section */
		129E4CD21B5430810019D14D /* Project object */ = {
			isa = PBXProject;
			attributes = {
				LastUpgradeCheck = 0630;
				ORGANIZATIONNAME = "Emerge Media";
				TargetAttributes = {
					129E4CD91B5430810019D14D = {
						CreatedOnToolsVersion = 6.3.2;
					};
					129E4CF51B5430810019D14D = {
						CreatedOnToolsVersion = 6.3.2;
						TestTargetID = 129E4CD91B5430810019D14D;
					};
				};
			};
			buildConfigurationList = 129E4CD51B5430810019D14D /* Build configuration list for PBXProject "UIPickviewerTest" */;
			compatibilityVersion = "Xcode 3.2";
			developmentRegion = English;
			hasScannedForEncodings = 0;
			knownRegions = (
				en,
				Base,
			);
			mainGroup = 129E4CD11B5430810019D14D;
			productRefGroup = 129E4CDB1B5430810019D14D /* Products */;
			projectDirPath = "";
			projectRoot = "";
			targets = (
				129E4CD91B5430810019D14D /* UIPickviewerTest */,
				129E4CF51B5430810019D14D /* UIPickviewerTestTests */,
			);
		};
/* End PBXProject section */

/* Begin PBXResourcesBuildPhase section */
		129E4CD81B5430810019D14D /* Resources */ = {
			isa = PBXResourcesBuildPhase;
			buildActionMask = 2147483647;
			files = (
				129E4CEC1B5430810019D14D /* Main.storyboard in Resources */,
				129E4CF11B5430810019D14D /* LaunchScreen.xib in Resources */,
				129E4CEE1B5430810019D14D /* Images.xcassets in Resources */,
			);
			runOnlyForDeploymentPostprocessing = 0;
		};
		129E4CF41B5430810019D14D /* Resources */ = {
			isa = PBXResourcesBuildPhase;
			buildActionMask = 2147483647;
			files = (
			);
			runOnlyForDeploymentPostprocessing = 0;
		};
/* End PBXResourcesBuildPhase section */

/* Begin PBXSourcesBuildPhase section */
		129E4CD61B5430810019D14D /* Sources */ = {
			isa = PBXSourcesBuildPhase;
			buildActionMask = 2147483647;
			files = (
				129E4CE61B5430810019D14D /* UIPickviewerTest.xcdatamodeld in Sources */,
				129E4CE31B5430810019D14D /* AppDelegate.m in Sources */,
				129E4CE91B5430810019D14D /* ViewController.m in Sources */,
				129E4CE01B5430810019D14D /* main.m in Sources */,
			);
			runOnlyForDeploymentPostprocessing = 0;
		};
		129E4CF21B5430810019D14D /* Sources */ = {
			isa = PBXSourcesBuildPhase;
			buildActionMask = 2147483647;
			files = (
				129E4CFD1B5430810019D14D /* UIPickviewerTestTests.m in Sources */,
			);
			runOnlyForDeploymentPostprocessing = 0;
		};
/* End PBXSourcesBuildPhase section */

/* Begin PBXTargetDependency section */
		129E4CF81B5430810019D14D /* PBXTargetDependency */ = {
			isa = PBXTargetDependency;
			target = 129E4CD91B5430810019D14D /* UIPickviewerTest */;
			targetProxy = 129E4CF71B5430810019D14D /* PBXContainerItemProxy */;
		};
/* End PBXTargetDependency section */

/* Begin PBXVariantGroup section */
		129E4CEA1B5430810019D14D /* Main.storyboard */ = {
			isa = PBXVariantGroup;
			children = (
				129E4CEB1B5430810019D14D /* Base */,
			);
			name = Main.storyboard;
			sourceTree = "<group>";
		};
		129E4CEF1B5430810019D14D /* LaunchScreen.xib */ = {
			isa = PBXVariantGroup;
			children = (
				129E4CF01B5430810019D14D /* Base */,
			);
			name = LaunchScreen.xib;
			sourceTree = "<group>";
		};
/* End PBXVariantGroup section */

/* Begin XCBuildConfiguration section */
		129E4CFE1B5430810019D14D /* Debug */ = {
			isa = XCBuildConfiguration;
			buildSettings = {
				ALWAYS_SEARCH_USER_PATHS = NO;
				CLANG_CXX_LANGUAGE_STANDARD = "gnu++0x";
				CLANG_CXX_LIBRARY = "libc++";
				CLANG_ENABLE_MODULES = YES;
				CLANG_ENABLE_OBJC_ARC = YES;
				CLANG_WARN_BOOL_CONVERSION = YES;
				CLANG_WARN_CONSTANT_CONVERSION = YES;
				CLANG_WARN_DIRECT_OBJC_ISA_USAGE = YES_ERROR;
				CLANG_WARN_EMPTY_BODY = YES;
				CLANG_WARN_ENUM_CONVERSION = YES;
				CLANG_WARN_INT_CONVERSION = YES;
				CLANG_WARN_OBJC_ROOT_CLASS = YES_ERROR;
				CLANG_WARN_UNREACHABLE_CODE = YES;
				CLANG_WARN__DUPLICATE_METHOD_MATCH = YES;
				"CODE_SIGN_IDENTITY[sdk=iphoneos*]" = "iPhone Developer";
				COPY_PHASE_STRIP = NO;
				DEBUG_INFORMATION_FORMAT = "dwarf-with-dsym";
				ENABLE_STRICT_OBJC_MSGSEND = YES;
				GCC_C_LANGUAGE_STANDARD = gnu99;
				GCC_DYNAMIC_NO_PIC = NO;
				GCC_NO_COMMON_BLOCKS = YES;
				GCC_OPTIMIZATION_LEVEL = 0;
				GCC_PREPROCESSOR_DEFINITIONS = (
					"DEBUG=1",
					"$(inherited)",
				);
				GCC_SYMBOLS_PRIVATE_EXTERN = NO;
				GCC_WARN_64_TO_32_BIT_CONVERSION = YES;
				GCC_WARN_ABOUT_RETURN_TYPE = YES_ERROR;
				GCC_WARN_UNDECLARED_SELECTOR = YES;
				GCC_WARN_UNINITIALIZED_AUTOS = YES_AGGRESSIVE;
				GCC_WARN_UNUSED_FUNCTION = YES;
				GCC_WARN_UNUSED_VARIABLE = YES;
				IPHONEOS_DEPLOYMENT_TARGET = 8.3;
				MTL_ENABLE_DEBUG_INFO = YES;
				ONLY_ACTIVE_ARCH = YES;
				SDKROOT = iphoneos;
				TARGETED_DEVICE_FAMILY = "1,2";
			};
			name = Debug;
		};
		129E4CFF1B5430810019D14D /* Release */ = {
			isa = XCBuildConfiguration;
			buildSettings = {
				ALWAYS_SEARCH_USER_PATHS = NO;
				CLANG_CXX_LANGUAGE_STANDARD = "gnu++0x";
				CLANG_CXX_LIBRARY = "libc++";
				CLANG_ENABLE_MODULES = YES;
				CLANG_ENABLE_OBJC_ARC = YES;
				CLANG_WARN_BOOL_CONVERSION = YES;
				CLANG_WARN_CONSTANT_CONVERSION = YES;
				CLANG_WARN_DIRECT_OBJC_ISA_USAGE = YES_ERROR;
				CLANG_WARN_EMPTY_BODY = YES;
				CLANG_WARN_ENUM_CONVERSION = YES;
				CLANG_WARN_INT_CONVERSION = YES;
				CLANG_WARN_OBJC_ROOT_CLASS = YES_ERROR;
				CLANG_WARN_UNREACHABLE_CODE = YES;
				CLANG_WARN__DUPLICATE_METHOD_MATCH = YES;
				"CODE_SIGN_IDENTITY[sdk=iphoneos*]" = "iPhone Developer";
				COPY_PHASE_STRIP = NO;
				DEBUG_INFORMATION_FORMAT = "dwarf-with-dsym";
				ENABLE_NS_ASSERTIONS = NO;
				ENABLE_STRICT_OBJC_MSGSEND = YES;
				GCC_C_LANGUAGE_STANDARD = gnu99;
				GCC_NO_COMMON_BLOCKS = YES;
				GCC_WARN_64_TO_32_BIT_CONVERSION = YES;
				GCC_WARN_ABOUT_RETURN_TYPE = YES_ERROR;
				GCC_WARN_UNDECLARED_SELECTOR = YES;
				GCC_WARN_UNINITIALIZED_AUTOS = YES_AGGRESSIVE;
				GCC_WARN_UNUSED_FUNCTION = YES;
				GCC_WARN_UNUSED_VARIABLE = YES;
				IPHONEOS_DEPLOYMENT_TARGET = 8.3;
				MTL_ENABLE_DEBUG_INFO = NO;
				SDKROOT = iphoneos;
				TARGETED_DEVICE_FAMILY = "1,2";
				VALIDATE_PRODUCT = YES;
			};
			name = Release;
		};
		129E4D011B5430810019D14D /* Debug */ = {
			isa = XCBuildConfiguration;
			buildSettings = {
				ASSETCATALOG_COMPILER_APPICON_NAME = AppIcon;
				INFOPLIST_FILE = UIPickviewerTest/Info.plist;
				LD_RUNPATH_SEARCH_PATHS = "$(inherited) @executable_path/Frameworks";
				PRODUCT_NAME = "$(TARGET_NAME)";
			};
			name = Debug;
		};
		129E4D021B5430810019D14D /* Release */ = {
			isa = XCBuildConfiguration;
			buildSettings = {
				ASSETCATALOG_COMPILER_APPICON_NAME = AppIcon;
				INFOPLIST_FILE = UIPickviewerTest/Info.plist;
				LD_RUNPATH_SEARCH_PATHS = "$(inherited) @executable_path/Frameworks";
				PRODUCT_NAME = "$(TARGET_NAME)";
			};
			name = Release;
		};
		129E4D041B5430810019D14D /* Debug */ = {
			isa = XCBuildConfiguration;
			buildSettings = {
				BUNDLE_LOADER = "$(TEST_HOST)";
				FRAMEWORK_SEARCH_PATHS = (
					"$(SDKROOT)/Developer/Library/Frameworks",
					"$(inherited)",
				);
				GCC_PREPROCESSOR_DEFINITIONS = (
					"DEBUG=1",
					"$(inherited)",
				);
				INFOPLIST_FILE = UIPickviewerTestTests/Info.plist;
				LD_RUNPATH_SEARCH_PATHS = "$(inherited) @executable_path/Frameworks @loader_path/Frameworks";
				PRODUCT_NAME = "$(TARGET_NAME)";
				TEST_HOST = "$(BUILT_PRODUCTS_DIR)/UIPickviewerTest.app/UIPickviewerTest";
			};
			name = Debug;
		};
		129E4D051B5430810019D14D /* Release */ = {
			isa = XCBuildConfiguration;
			buildSettings = {
				BUNDLE_LOADER = "$(TEST_HOST)";
				FRAMEWORK_SEARCH_PATHS = (
					"$(SDKROOT)/Developer/Library/Frameworks",
					"$(inherited)",
				);
				INFOPLIST_FILE = UIPickviewerTestTests/Info.plist;
				LD_RUNPATH_SEARCH_PATHS = "$(inherited) @executable_path/Frameworks @loader_path/Frameworks";
				PRODUCT_NAME = "$(TARGET_NAME)";
				TEST_HOST = "$(BUILT_PRODUCTS_DIR)/UIPickviewerTest.app/UIPickviewerTest";
			};
			name = Release;
		};
/* End XCBuildConfiguration section */

/* Begin XCConfigurationList section */
		129E4CD51B5430810019D14D /* Build configuration list for PBXProject "UIPickviewerTest" */ = {
			isa = XCConfigurationList;
			buildConfigurations = (
				129E4CFE1B5430810019D14D /* Debug */,
				129E4CFF1B5430810019D14D /* Release */,
			);
			defaultConfigurationIsVisible = 0;
			defaultConfigurationName = Release;
		};
		129E4D001B5430810019D14D /* Build configuration list for PBXNativeTarget "UIPickviewerTest" */ = {
			isa = XCConfigurationList;
			buildConfigurations = (
				129E4D011B5430810019D14D /* Debug */,
				129E4D021B5430810019D14D /* Release */,
			);
			defaultConfigurationIsVisible = 0;
		};
		129E4D031B5430810019D14D /* Build configuration list for PBXNativeTarget "UIPickviewerTestTests" */ = {
			isa = XCConfigurationList;
			buildConfigurations = (
				129E4D041B5430810019D14D /* Debug */,
				129E4D051B5430810019D14D /* Release */,
			);
			defaultConfigurationIsVisible = 0;
		};
/* End XCConfigurationList section */

/* Begin XCVersionGroup section */
		129E4CE41B5430810019D14D /* UIPickviewerTest.xcdatamodeld */ = {
			isa = XCVersionGroup;
			children = (
				129E4CE51B5430810019D14D /* UIPickviewerTest.xcdatamodel */,
			);
			currentVersion = 129E4CE51B5430810019D14D /* UIPickviewerTest.xcdatamodel */;
			path = UIPickviewerTest.xcdatamodeld;
			sourceTree = "<group>";
			versionGroupType = wrapper.xcdatamodel;
		};
/* End XCVersionGroup section */
	};
	rootObject = 129E4CD21B5430810019D14D /* Project object */;
}
